
Microsoft Visual Studio Solution File, Format Version 12.00
# Visual Studio Version 16
VisualStudioVersion = 16.0.31727.386
MinimumVisualStudioVersion = 10.0.40219.1
Project("{8BC9CEB8-8B4A-11D0-8D11-00A0C91BC942}") = "prak1", "prak1\prak1.vcxproj", "{96A5FF0C-A24B-4811-9254-09CC6A6FB297}"
EndProject
Global
	GlobalSection(SolutionConfigurationPlatforms) = preSolution
		Debug|x64 = Debug|x64
		Debug|x86 = Debug|x86
		Release|x64 = Release|x64
		Release|x86 = Release|x86
	EndGlobalSection
	GlobalSection(ProjectConfigurationPlatforms) = postSolution
		{96A5FF0C-A24B-4811-9254-09CC6A6FB297}.Debug|x64.ActiveCfg = Debug|x64
		{96A5FF0C-A24B-4811-9254-09CC6A6FB297}.Debug|x64.Build.0 = Debug|x64
		{96A5FF0C-A24B-4811-9254-09CC6A6FB297}.Debug|x86.ActiveCfg = Debug|Win32
		{96A5FF0C-A24B-4811-9254-09CC6A6FB297}.Debug|x86.Build.0 = Debug|Win32
		{96A5FF0C-A24B-4811-9254-09CC6A6FB297}.Release|x64.ActiveCfg = Release|x64
		{96A5FF0C-A24B-4811-9254-09CC6A6FB297}.Release|x64.Build.0 = Release|x64
		{96A5FF0C-A24B-4811-9254-09CC6A6FB297}.Release|x86.ActiveCfg = Release|Win32
		{96A5FF0C-A24B-4811-9254-09CC6A6FB297}.Release|x86.Build.0 = Release|Win32
	EndGlobalSection
	GlobalSection(SolutionProperties) = preSolution
		HideSolutionNode = FALSE
	EndGlobalSection
	GlobalSection(ExtensibilityGlobals) = postSolution
		SolutionGuid = {7A31D2AB-1272-4E1E-A8E8-A087432B263A}
	EndGlobalSection
EndGlobal
